
Microsoft Visual Studio Solution File, Format Version 12.00
# Visual Studio Version 17
VisualStudioVersion = 17.4.33110.190
MinimumVisualStudioVersion = 10.0.40219.1
Project("{FAE04EC0-301F-11D3-BF4B-00C04F79EFBC}") = "cafe_management_system", "cafe_management_system.csproj", "{3F7716B3-57F1-4697-ACE8-37E24442409A}"
EndProject
Global
	GlobalSection(SolutionConfigurationPlatforms) = preSolution
		Debug|Any CPU = Debug|Any CPU
		Release|Any CPU = Release|Any CPU
	EndGlobalSection
	GlobalSection(ProjectConfigurationPlatforms) = postSolution
		{3F7716B3-57F1-4697-ACE8-37E24442409A}.Debug|Any CPU.ActiveCfg = Debug|Any CPU
		{3F7716B3-57F1-4697-ACE8-37E24442409A}.Debug|Any CPU.Build.0 = Debug|Any CPU
		{3F7716B3-57F1-4697-ACE8-37E24442409A}.Release|Any CPU.ActiveCfg = Release|Any CPU
		{3F7716B3-57F1-4697-ACE8-37E24442409A}.Release|Any CPU.Build.0 = Release|Any CPU
	EndGlobalSection
	GlobalSection(SolutionProperties) = preSolution
		HideSolutionNode = FALSE
	EndGlobalSection
	GlobalSection(ExtensibilityGlobals) = postSolution
		SolutionGuid = {1FB52B93-91DE-4AAC-9D49-32B99A6C057D}
	EndGlobalSection
EndGlobal
